
Microsoft Visual Studio Solution File, Format Version 12.00
# Visual Studio 15
VisualStudioVersion = 15.0.28010.0
MinimumVisualStudioVersion = 10.0.40219.1
Project("{D2ABAB84-BF74-430A-B69E-9DC6D40DDA17}") = "Security", "Security\Security.dwproj", "{2836B8E5-5B18-445E-AAF6-BF2358962A4D}"
EndProject
Global
	GlobalSection(SolutionConfigurationPlatforms) = preSolution
		Development|Default = Development|Default
	EndGlobalSection
	GlobalSection(ProjectConfigurationPlatforms) = postSolution
		{2836B8E5-5B18-445E-AAF6-BF2358962A4D}.Development|Default.ActiveCfg = Development
		{2836B8E5-5B18-445E-AAF6-BF2358962A4D}.Development|Default.Build.0 = Development
		{2836B8E5-5B18-445E-AAF6-BF2358962A4D}.Development|Default.Deploy.0 = Development
	EndGlobalSection
	GlobalSection(SolutionProperties) = preSolution
		HideSolutionNode = FALSE
	EndGlobalSection
	GlobalSection(ExtensibilityGlobals) = postSolution
		SolutionGuid = {637B1647-AC00-494D-B7C7-4CEB62DB108E}
	EndGlobalSection
EndGlobal
